
Microsoft Visual Studio Solution File, Format Version 12.00
# Visual Studio Version 16
VisualStudioVersion = 16.0.32802.440
MinimumVisualStudioVersion = 10.0.40219.1
Project("{8BC9CEB8-8B4A-11D0-8D11-00A0C91BC942}") = "FictionUpgraded", "FictionUpgraded.vcxproj", "{5D976765-A5B3-4ACB-A8DC-9127F3FDD29C}"
EndProject
Global
	GlobalSection(SolutionConfigurationPlatforms) = preSolution
		Debug|x64 = Debug|x64
		Debug|x86 = Debug|x86
		Release|x64 = Release|x64
		Release|x86 = Release|x86
	EndGlobalSection
	GlobalSection(ProjectConfigurationPlatforms) = postSolution
		{5D976765-A5B3-4ACB-A8DC-9127F3FDD29C}.Debug|x64.ActiveCfg = Debug|x64
		{5D976765-A5B3-4ACB-A8DC-9127F3FDD29C}.Debug|x64.Build.0 = Debug|x64
		{5D976765-A5B3-4ACB-A8DC-9127F3FDD29C}.Debug|x86.ActiveCfg = Debug|Win32
		{5D976765-A5B3-4ACB-A8DC-9127F3FDD29C}.Debug|x86.Build.0 = Debug|Win32
		{5D976765-A5B3-4ACB-A8DC-9127F3FDD29C}.Release|x64.ActiveCfg = Release|x64
		{5D976765-A5B3-4ACB-A8DC-9127F3FDD29C}.Release|x64.Build.0 = Release|x64
		{5D976765-A5B3-4ACB-A8DC-9127F3FDD29C}.Release|x86.ActiveCfg = Release|Win32
		{5D976765-A5B3-4ACB-A8DC-9127F3FDD29C}.Release|x86.Build.0 = Release|Win32
	EndGlobalSection
	GlobalSection(SolutionProperties) = preSolution
		HideSolutionNode = FALSE
	EndGlobalSection
	GlobalSection(ExtensibilityGlobals) = postSolution
		SolutionGuid = {E80C5919-624C-4EBF-A3F0-2A89ADF32DB7}
	EndGlobalSection
EndGlobal
